# THIS IS AN AUTOGENERATED FILE. DO NOT EDIT THIS FILE DIRECTLY.
# yarn lockfile v1


"@babel/runtime@^7.7.6":
  version "7.19.4"
  resolved "https://registry.yarnpkg.com/@babel/runtime/-/runtime-7.19.4.tgz#a42f814502ee467d55b38dd1c256f53a7b885c78"
  integrity sha512-EXpLCrk55f+cYqmHsSR+yD/0gAIMxxA9QK9lnQWzhMCvt+YmoBN7Zx94s++Kv0+unHk39vxNO8t+CMA2WSS3wA==
  dependencies:
    regenerator-runtime "^0.13.4"

history@^5.2.0:
  version "5.3.0"
  resolved "https://registry.yarnpkg.com/history/-/history-5.3.0.tgz#1548abaa245ba47992f063a0783db91ef201c73b"
  integrity sha512-ZqaKwjjrAYUYfLG+htGaIIZ4nioX2L70ZUMIFysS3xvBsSG4x/n1V6TXV3N8ZYNuFGlDirFg32T7B6WOUPDYcQ==
  dependencies:
    "@babel/runtime" "^7.7.6"

react-router-dom@6.3:
  version "6.3.0"
  resolved "https://registry.yarnpkg.com/react-router-dom/-/react-router-dom-6.3.0.tgz#a0216da813454e521905b5fa55e0e5176123f43d"
  integrity sha512-uaJj7LKytRxZNQV8+RbzJWnJ8K2nPsOOEuX7aQstlMZKQT0164C+X2w6bnkqU3sjtLvpd5ojrezAyfZ1+0sStw==
  dependencies:
    history "^5.2.0"
    react-router "6.3.0"

react-router@6.3.0:
  version "6.3.0"
  resolved "https://registry.yarnpkg.com/react-router/-/react-router-6.3.0.tgz#3970cc64b4cb4eae0c1ea5203a80334fdd175557"
  integrity sha512-7Wh1DzVQ+tlFjkeo+ujvjSqSJmkt1+8JO+T5xklPlgrh70y7ogx75ODRW0ThWhY7S+6yEDks8TYrtQe/aoboBQ==
  dependencies:
    history "^5.2.0"

regenerator-runtime@^0.13.4:
  version "0.13.10"
  resolved "https://registry.yarnpkg.com/regenerator-runtime/-/regenerator-runtime-0.13.10.tgz#ed07b19616bcbec5da6274ebc75ae95634bfc2ee"
  integrity sha512-KepLsg4dU12hryUO7bp/axHAKvwGOCV0sGloQtpagJ12ai+ojVDqkeGSiRX1zlq+kjIMZ1t7gpze+26QqtdGqw==
